
Microsoft Visual Studio Solution File, Format Version 12.00
# Visual Studio Version 17
VisualStudioVersion = 17.11.35303.130
MinimumVisualStudioVersion = 10.0.40219.1
Project("{2150E333-8FDC-42A3-9474-1A3956D46DE8}") = "Task0", "Task0", "{BD2A72B1-9A72-4C8D-AD2A-0FBA6792B19A}"
EndProject
Project("{9A19103F-16F7-4668-BE54-9A1E7A4F7556}") = "Tyuiu.StoyakinNM.Sprint4.Task0.V7", "Tyuiu.StoyakinNM.Sprint4.Task0.V7\Tyuiu.StoyakinNM.Sprint4.Task0.V7.csproj", "{699FEE3D-92F4-4E31-9955-4BA0057345A9}"
EndProject
Project("{9A19103F-16F7-4668-BE54-9A1E7A4F7556}") = "Tyuiu.StoyakinNM.Sprint4.Task0.V7.Lib", "Tyuiu.StoyakinNM.Sprint4.Task0.V7.Lib\Tyuiu.StoyakinNM.Sprint4.Task0.V7.Lib.csproj", "{6B90A338-BE67-4799-AF32-61F47741DAC4}"
EndProject
Project("{9A19103F-16F7-4668-BE54-9A1E7A4F7556}") = "Tyuiu.StoyakinNM.Sprint4.Task0.V7.Test", "Tyuiu.StoyakinNM.Sprint4.Task0.V7.Test\Tyuiu.StoyakinNM.Sprint4.Task0.V7.Test.csproj", "{28A31DE1-7F65-4ADA-A7BA-D234E1DD3987}"
EndProject
Project("{2150E333-8FDC-42A3-9474-1A3956D46DE8}") = "Task1", "Task1", "{B6EBD31E-5B85-431F-8E32-376F41404224}"
EndProject
Project("{FAE04EC0-301F-11D3-BF4B-00C04F79EFBC}") = "Tyuiu.StoyakinNM.Sprint4.Task1.V6", "Tyuiu.StoyakinNM.Sprint4.Task1.V6\Tyuiu.StoyakinNM.Sprint4.Task1.V6.csproj", "{DB082FD6-D739-4C4E-8007-5EE598208EBB}"
EndProject
Project("{FAE04EC0-301F-11D3-BF4B-00C04F79EFBC}") = "Tyuiu.StoyakinNM.Sprint4.Task1.V6.Lib", "Tyuiu.StoyakinNM.Sprint4.Task1.V6.Lib\Tyuiu.StoyakinNM.Sprint4.Task1.V6.Lib.csproj", "{8EB5C9AD-EC1F-4194-9D54-59E2F6CE7A6C}"
EndProject
Project("{FAE04EC0-301F-11D3-BF4B-00C04F79EFBC}") = "Tyuiu.StoyakinNM.Sprint4.Task1.V6.Test", "Tyuiu.StoyakinNM.Sprint4.Task1.V6.Test\Tyuiu.StoyakinNM.Sprint4.Task1.V6.Test.csproj", "{7864F370-5BA7-40F8-8226-383836DBD743}"
EndProject
Global
	GlobalSection(SolutionConfigurationPlatforms) = preSolution
		Debug|Any CPU = Debug|Any CPU
		Release|Any CPU = Release|Any CPU
	EndGlobalSection
	GlobalSection(ProjectConfigurationPlatforms) = postSolution
		{699FEE3D-92F4-4E31-9955-4BA0057345A9}.Debug|Any CPU.ActiveCfg = Debug|Any CPU
		{699FEE3D-92F4-4E31-9955-4BA0057345A9}.Debug|Any CPU.Build.0 = Debug|Any CPU
		{699FEE3D-92F4-4E31-9955-4BA0057345A9}.Release|Any CPU.ActiveCfg = Release|Any CPU
		{699FEE3D-92F4-4E31-9955-4BA0057345A9}.Release|Any CPU.Build.0 = Release|Any CPU
		{6B90A338-BE67-4799-AF32-61F47741DAC4}.Debug|Any CPU.ActiveCfg = Debug|Any CPU
		{6B90A338-BE67-4799-AF32-61F47741DAC4}.Debug|Any CPU.Build.0 = Debug|Any CPU
		{6B90A338-BE67-4799-AF32-61F47741DAC4}.Release|Any CPU.ActiveCfg = Release|Any CPU
		{6B90A338-BE67-4799-AF32-61F47741DAC4}.Release|Any CPU.Build.0 = Release|Any CPU
		{28A31DE1-7F65-4ADA-A7BA-D234E1DD3987}.Debug|Any CPU.ActiveCfg = Debug|Any CPU
		{28A31DE1-7F65-4ADA-A7BA-D234E1DD3987}.Debug|Any CPU.Build.0 = Debug|Any CPU
		{28A31DE1-7F65-4ADA-A7BA-D234E1DD3987}.Release|Any CPU.ActiveCfg = Release|Any CPU
		{28A31DE1-7F65-4ADA-A7BA-D234E1DD3987}.Release|Any CPU.Build.0 = Release|Any CPU
		{DB082FD6-D739-4C4E-8007-5EE598208EBB}.Debug|Any CPU.ActiveCfg = Debug|Any CPU
		{DB082FD6-D739-4C4E-8007-5EE598208EBB}.Debug|Any CPU.Build.0 = Debug|Any CPU
		{DB082FD6-D739-4C4E-8007-5EE598208EBB}.Release|Any CPU.ActiveCfg = Release|Any CPU
		{DB082FD6-D739-4C4E-8007-5EE598208EBB}.Release|Any CPU.Build.0 = Release|Any CPU
		{8EB5C9AD-EC1F-4194-9D54-59E2F6CE7A6C}.Debug|Any CPU.ActiveCfg = Debug|Any CPU
		{8EB5C9AD-EC1F-4194-9D54-59E2F6CE7A6C}.Debug|Any CPU.Build.0 = Debug|Any CPU
		{8EB5C9AD-EC1F-4194-9D54-59E2F6CE7A6C}.Release|Any CPU.ActiveCfg = Release|Any CPU
		{8EB5C9AD-EC1F-4194-9D54-59E2F6CE7A6C}.Release|Any CPU.Build.0 = Release|Any CPU
		{7864F370-5BA7-40F8-8226-383836DBD743}.Debug|Any CPU.ActiveCfg = Debug|Any CPU
		{7864F370-5BA7-40F8-8226-383836DBD743}.Debug|Any CPU.Build.0 = Debug|Any CPU
		{7864F370-5BA7-40F8-8226-383836DBD743}.Release|Any CPU.ActiveCfg = Release|Any CPU
		{7864F370-5BA7-40F8-8226-383836DBD743}.Release|Any CPU.Build.0 = Release|Any CPU
	EndGlobalSection
	GlobalSection(SolutionProperties) = preSolution
		HideSolutionNode = FALSE
	EndGlobalSection
	GlobalSection(NestedProjects) = preSolution
		{699FEE3D-92F4-4E31-9955-4BA0057345A9} = {BD2A72B1-9A72-4C8D-AD2A-0FBA6792B19A}
		{6B90A338-BE67-4799-AF32-61F47741DAC4} = {BD2A72B1-9A72-4C8D-AD2A-0FBA6792B19A}
		{28A31DE1-7F65-4ADA-A7BA-D234E1DD3987} = {BD2A72B1-9A72-4C8D-AD2A-0FBA6792B19A}
		{DB082FD6-D739-4C4E-8007-5EE598208EBB} = {B6EBD31E-5B85-431F-8E32-376F41404224}
		{8EB5C9AD-EC1F-4194-9D54-59E2F6CE7A6C} = {B6EBD31E-5B85-431F-8E32-376F41404224}
		{7864F370-5BA7-40F8-8226-383836DBD743} = {B6EBD31E-5B85-431F-8E32-376F41404224}
	EndGlobalSection
	GlobalSection(ExtensibilityGlobals) = postSolution
		SolutionGuid = {13029E02-7189-43DF-BDFE-A604FBF644C0}
	EndGlobalSection
EndGlobal
