
Microsoft Visual Studio Solution File, Format Version 12.00
# Visual Studio Version 17
VisualStudioVersion = 17.11.35303.130
MinimumVisualStudioVersion = 10.0.40219.1
Project("{2150E333-8FDC-42A3-9474-1A3956D46DE8}") = "Task0", "Task0", "{BD2A72B1-9A72-4C8D-AD2A-0FBA6792B19A}"
EndProject
Project("{9A19103F-16F7-4668-BE54-9A1E7A4F7556}") = "Tyuiu.StoyakinNM.Sprint4.Task0.V7", "Tyuiu.StoyakinNM.Sprint4.Task0.V7\Tyuiu.StoyakinNM.Sprint4.Task0.V7.csproj", "{699FEE3D-92F4-4E31-9955-4BA0057345A9}"
EndProject
Project("{9A19103F-16F7-4668-BE54-9A1E7A4F7556}") = "Tyuiu.StoyakinNM.Sprint4.Task0.V7.Lib", "Tyuiu.StoyakinNM.Sprint4.Task0.V7.Lib\Tyuiu.StoyakinNM.Sprint4.Task0.V7.Lib.csproj", "{6B90A338-BE67-4799-AF32-61F47741DAC4}"
EndProject
Project("{9A19103F-16F7-4668-BE54-9A1E7A4F7556}") = "Tyuiu.StoyakinNM.Sprint4.Task0.V7.Test", "Tyuiu.StoyakinNM.Sprint4.Task0.V7.Test\Tyuiu.StoyakinNM.Sprint4.Task0.V7.Test.csproj", "{28A31DE1-7F65-4ADA-A7BA-D234E1DD3987}"
EndProject
Project("{2150E333-8FDC-42A3-9474-1A3956D46DE8}") = "Task1", "Task1", "{B6EBD31E-5B85-431F-8E32-376F41404224}"
EndProject
Project("{9A19103F-16F7-4668-BE54-9A1E7A4F7556}") = "Tyuiu.StoyakinNM.Sprint4.Task1.V6", "Tyuiu.StoyakinNM.Sprint4.Task1.V6\Tyuiu.StoyakinNM.Sprint4.Task1.V6.csproj", "{DB082FD6-D739-4C4E-8007-5EE598208EBB}"
EndProject
Project("{9A19103F-16F7-4668-BE54-9A1E7A4F7556}") = "Tyuiu.StoyakinNM.Sprint4.Task1.V6.Lib", "Tyuiu.StoyakinNM.Sprint4.Task1.V6.Lib\Tyuiu.StoyakinNM.Sprint4.Task1.V6.Lib.csproj", "{8EB5C9AD-EC1F-4194-9D54-59E2F6CE7A6C}"
EndProject
Project("{9A19103F-16F7-4668-BE54-9A1E7A4F7556}") = "Tyuiu.StoyakinNM.Sprint4.Task1.V6.Test", "Tyuiu.StoyakinNM.Sprint4.Task1.V6.Test\Tyuiu.StoyakinNM.Sprint4.Task1.V6.Test.csproj", "{7864F370-5BA7-40F8-8226-383836DBD743}"
EndProject
Project("{2150E333-8FDC-42A3-9474-1A3956D46DE8}") = "Task2", "Task2", "{821F0C7E-AF1A-4893-9439-D0A6FBAF7339}"
EndProject
Project("{9A19103F-16F7-4668-BE54-9A1E7A4F7556}") = "Tyuiu.StoyakinNM.Sprint4.Task2.V6", "Tyuiu.StoyakinNM.Sprint4.Task2.V6\Tyuiu.StoyakinNM.Sprint4.Task2.V6.csproj", "{6D47562D-2711-408D-8F2C-20BE4482E08B}"
EndProject
Project("{9A19103F-16F7-4668-BE54-9A1E7A4F7556}") = "Tyuiu.StoyakinNM.Sprint4.Task2.V6.Lib", "Tyuiu.StoyakinNM.Sprint4.Task2.V6.Lib\Tyuiu.StoyakinNM.Sprint4.Task2.V6.Lib.csproj", "{FD40F1D6-2765-42BF-A76E-ED307A32631E}"
EndProject
Project("{9A19103F-16F7-4668-BE54-9A1E7A4F7556}") = "Tyuiu.StoyakinNM.Sprint4.Task2.V6.Test", "Tyuiu.StoyakinNM.Sprint4.Task2.V6.Test\Tyuiu.StoyakinNM.Sprint4.Task2.V6.Test.csproj", "{7618ACE3-4533-4B5C-8A27-36F62317423C}"
EndProject
Project("{2150E333-8FDC-42A3-9474-1A3956D46DE8}") = "Task3", "Task3", "{F9FFFC1E-6FE9-4B00-9D8D-F9E11916A16C}"
EndProject
Project("{9A19103F-16F7-4668-BE54-9A1E7A4F7556}") = "Tyuiu.StoyakinNM.Sprint4.Task3.V22", "Tyuiu.StoyakinNM.Sprint4.Task3.V22\Tyuiu.StoyakinNM.Sprint4.Task3.V22.csproj", "{33B49A2D-98CC-40F4-83C4-2BE84691005E}"
EndProject
Project("{9A19103F-16F7-4668-BE54-9A1E7A4F7556}") = "Tyuiu.StoyakinNM.Sprint4.Task3.V22.Lib", "Tyuiu.StoyakinNM.Sprint4.Task3.V22.Lib\Tyuiu.StoyakinNM.Sprint4.Task3.V22.Lib.csproj", "{72E1F53D-8A45-409B-9162-CC068418DAC6}"
EndProject
Project("{9A19103F-16F7-4668-BE54-9A1E7A4F7556}") = "Tyuiu.StoyakinNM.Sprint4.Task3.V22.Test", "Tyuiu.StoyakinNM.Sprint4.Task3.V22.Test\Tyuiu.StoyakinNM.Sprint4.Task3.V22.Test.csproj", "{7ABE1E1B-CAE4-4F0F-ACCB-596B71974B26}"
EndProject
Project("{2150E333-8FDC-42A3-9474-1A3956D46DE8}") = "Task4", "Task4", "{CBC82FE3-87BE-4118-AFF1-CB6ECAC9A26E}"
EndProject
Project("{9A19103F-16F7-4668-BE54-9A1E7A4F7556}") = "Tyuiu.StoyakinNM.Sprint4.Task4.V22", "Tyuiu.StoyakinNM.Sprint4.Task4.V22\Tyuiu.StoyakinNM.Sprint4.Task4.V22.csproj", "{6A581784-7F9C-41CE-B2BA-4000BAC79C90}"
EndProject
Project("{9A19103F-16F7-4668-BE54-9A1E7A4F7556}") = "Tyuiu.StoyakinNM.Sprint4.Task4.V22.Lib", "Tyuiu.StoyakinNM.Sprint4.Task4.V22.Lib\Tyuiu.StoyakinNM.Sprint4.Task4.V22.Lib.csproj", "{4901B2F0-D6F4-466B-8951-23A0EE323E6D}"
EndProject
Project("{9A19103F-16F7-4668-BE54-9A1E7A4F7556}") = "Tyuiu.StoyakinNM.Sprint4.Task4.V22.Test", "Tyuiu.StoyakinNM.Sprint4.Task4.V22.Test\Tyuiu.StoyakinNM.Sprint4.Task4.V22.Test.csproj", "{7E6BF028-6C1D-40CF-A065-ECFB08F615B2}"
EndProject
Project("{2150E333-8FDC-42A3-9474-1A3956D46DE8}") = "Task5", "Task5", "{D67AF2BB-DC00-48D1-8117-E572E49B8D35}"
EndProject
Project("{9A19103F-16F7-4668-BE54-9A1E7A4F7556}") = "Tyuiu.StoyakinNM.Sprint4.Task5.V27", "Tyuiu.StoyakinNM.Sprint4.Task5.V27\Tyuiu.StoyakinNM.Sprint4.Task5.V27.csproj", "{BF86A1B5-C782-4C83-A081-1603A10D2728}"
EndProject
Project("{9A19103F-16F7-4668-BE54-9A1E7A4F7556}") = "Tyuiu.StoyakinNM.Sprint4.Task5.V27.Lib", "Tyuiu.StoyakinNM.Sprint4.Task5.V27.Lib\Tyuiu.StoyakinNM.Sprint4.Task5.V27.Lib.csproj", "{4C110D39-C7E8-408A-A9EC-92F1B1C352DF}"
EndProject
Project("{9A19103F-16F7-4668-BE54-9A1E7A4F7556}") = "Tyuiu.StoyakinNM.Sprint4.Task5.V27.Test", "Tyuiu.StoyakinNM.Sprint4.Task5.V27.Test\Tyuiu.StoyakinNM.Sprint4.Task5.V27.Test.csproj", "{B45ED933-16CF-467E-AEEA-78AE87725360}"
EndProject
Project("{2150E333-8FDC-42A3-9474-1A3956D46DE8}") = "Task6", "Task6", "{1B5C74ED-A41A-42DB-9DC5-B9A8BDA2CAA0}"
EndProject
Project("{FAE04EC0-301F-11D3-BF4B-00C04F79EFBC}") = "Tyuiu.StoyakinNM.Sprint4.Task6.V18", "Tyuiu.StoyakinNM.Sprint4.Task6.V18\Tyuiu.StoyakinNM.Sprint4.Task6.V18.csproj", "{407E8EF6-4A73-41E8-8C39-C31033CA3F11}"
EndProject
Project("{FAE04EC0-301F-11D3-BF4B-00C04F79EFBC}") = "Tyuiu.StoyakinNM.Sprint4.Task6.V18.Lib", "Tyuiu.StoyakinNM.Sprint4.Task6.V18.Lib\Tyuiu.StoyakinNM.Sprint4.Task6.V18.Lib.csproj", "{2EEC0FDC-8426-4AA1-B389-87B1E5A8ED9B}"
EndProject
Project("{FAE04EC0-301F-11D3-BF4B-00C04F79EFBC}") = "Tyuiu.StoyakinNM.Sprint4.Task6.V18.Test", "Tyuiu.StoyakinNM.Sprint4.Task6.V18.Test\Tyuiu.StoyakinNM.Sprint4.Task6.V18.Test.csproj", "{3133FBF7-EA68-4DAD-8844-2C076EBA3F5A}"
EndProject
Global
	GlobalSection(SolutionConfigurationPlatforms) = preSolution
		Debug|Any CPU = Debug|Any CPU
		Release|Any CPU = Release|Any CPU
	EndGlobalSection
	GlobalSection(ProjectConfigurationPlatforms) = postSolution
		{699FEE3D-92F4-4E31-9955-4BA0057345A9}.Debug|Any CPU.ActiveCfg = Debug|Any CPU
		{699FEE3D-92F4-4E31-9955-4BA0057345A9}.Debug|Any CPU.Build.0 = Debug|Any CPU
		{699FEE3D-92F4-4E31-9955-4BA0057345A9}.Release|Any CPU.ActiveCfg = Release|Any CPU
		{699FEE3D-92F4-4E31-9955-4BA0057345A9}.Release|Any CPU.Build.0 = Release|Any CPU
		{6B90A338-BE67-4799-AF32-61F47741DAC4}.Debug|Any CPU.ActiveCfg = Debug|Any CPU
		{6B90A338-BE67-4799-AF32-61F47741DAC4}.Debug|Any CPU.Build.0 = Debug|Any CPU
		{6B90A338-BE67-4799-AF32-61F47741DAC4}.Release|Any CPU.ActiveCfg = Release|Any CPU
		{6B90A338-BE67-4799-AF32-61F47741DAC4}.Release|Any CPU.Build.0 = Release|Any CPU
		{28A31DE1-7F65-4ADA-A7BA-D234E1DD3987}.Debug|Any CPU.ActiveCfg = Debug|Any CPU
		{28A31DE1-7F65-4ADA-A7BA-D234E1DD3987}.Debug|Any CPU.Build.0 = Debug|Any CPU
		{28A31DE1-7F65-4ADA-A7BA-D234E1DD3987}.Release|Any CPU.ActiveCfg = Release|Any CPU
		{28A31DE1-7F65-4ADA-A7BA-D234E1DD3987}.Release|Any CPU.Build.0 = Release|Any CPU
		{DB082FD6-D739-4C4E-8007-5EE598208EBB}.Debug|Any CPU.ActiveCfg = Debug|Any CPU
		{DB082FD6-D739-4C4E-8007-5EE598208EBB}.Debug|Any CPU.Build.0 = Debug|Any CPU
		{DB082FD6-D739-4C4E-8007-5EE598208EBB}.Release|Any CPU.ActiveCfg = Release|Any CPU
		{DB082FD6-D739-4C4E-8007-5EE598208EBB}.Release|Any CPU.Build.0 = Release|Any CPU
		{8EB5C9AD-EC1F-4194-9D54-59E2F6CE7A6C}.Debug|Any CPU.ActiveCfg = Debug|Any CPU
		{8EB5C9AD-EC1F-4194-9D54-59E2F6CE7A6C}.Debug|Any CPU.Build.0 = Debug|Any CPU
		{8EB5C9AD-EC1F-4194-9D54-59E2F6CE7A6C}.Release|Any CPU.ActiveCfg = Release|Any CPU
		{8EB5C9AD-EC1F-4194-9D54-59E2F6CE7A6C}.Release|Any CPU.Build.0 = Release|Any CPU
		{7864F370-5BA7-40F8-8226-383836DBD743}.Debug|Any CPU.ActiveCfg = Debug|Any CPU
		{7864F370-5BA7-40F8-8226-383836DBD743}.Debug|Any CPU.Build.0 = Debug|Any CPU
		{7864F370-5BA7-40F8-8226-383836DBD743}.Release|Any CPU.ActiveCfg = Release|Any CPU
		{7864F370-5BA7-40F8-8226-383836DBD743}.Release|Any CPU.Build.0 = Release|Any CPU
		{6D47562D-2711-408D-8F2C-20BE4482E08B}.Debug|Any CPU.ActiveCfg = Debug|Any CPU
		{6D47562D-2711-408D-8F2C-20BE4482E08B}.Debug|Any CPU.Build.0 = Debug|Any CPU
		{6D47562D-2711-408D-8F2C-20BE4482E08B}.Release|Any CPU.ActiveCfg = Release|Any CPU
		{6D47562D-2711-408D-8F2C-20BE4482E08B}.Release|Any CPU.Build.0 = Release|Any CPU
		{FD40F1D6-2765-42BF-A76E-ED307A32631E}.Debug|Any CPU.ActiveCfg = Debug|Any CPU
		{FD40F1D6-2765-42BF-A76E-ED307A32631E}.Debug|Any CPU.Build.0 = Debug|Any CPU
		{FD40F1D6-2765-42BF-A76E-ED307A32631E}.Release|Any CPU.ActiveCfg = Release|Any CPU
		{FD40F1D6-2765-42BF-A76E-ED307A32631E}.Release|Any CPU.Build.0 = Release|Any CPU
		{7618ACE3-4533-4B5C-8A27-36F62317423C}.Debug|Any CPU.ActiveCfg = Debug|Any CPU
		{7618ACE3-4533-4B5C-8A27-36F62317423C}.Debug|Any CPU.Build.0 = Debug|Any CPU
		{7618ACE3-4533-4B5C-8A27-36F62317423C}.Release|Any CPU.ActiveCfg = Release|Any CPU
		{7618ACE3-4533-4B5C-8A27-36F62317423C}.Release|Any CPU.Build.0 = Release|Any CPU
		{33B49A2D-98CC-40F4-83C4-2BE84691005E}.Debug|Any CPU.ActiveCfg = Debug|Any CPU
		{33B49A2D-98CC-40F4-83C4-2BE84691005E}.Debug|Any CPU.Build.0 = Debug|Any CPU
		{33B49A2D-98CC-40F4-83C4-2BE84691005E}.Release|Any CPU.ActiveCfg = Release|Any CPU
		{33B49A2D-98CC-40F4-83C4-2BE84691005E}.Release|Any CPU.Build.0 = Release|Any CPU
		{72E1F53D-8A45-409B-9162-CC068418DAC6}.Debug|Any CPU.ActiveCfg = Debug|Any CPU
		{72E1F53D-8A45-409B-9162-CC068418DAC6}.Debug|Any CPU.Build.0 = Debug|Any CPU
		{72E1F53D-8A45-409B-9162-CC068418DAC6}.Release|Any CPU.ActiveCfg = Release|Any CPU
		{72E1F53D-8A45-409B-9162-CC068418DAC6}.Release|Any CPU.Build.0 = Release|Any CPU
		{7ABE1E1B-CAE4-4F0F-ACCB-596B71974B26}.Debug|Any CPU.ActiveCfg = Debug|Any CPU
		{7ABE1E1B-CAE4-4F0F-ACCB-596B71974B26}.Debug|Any CPU.Build.0 = Debug|Any CPU
		{7ABE1E1B-CAE4-4F0F-ACCB-596B71974B26}.Release|Any CPU.ActiveCfg = Release|Any CPU
		{7ABE1E1B-CAE4-4F0F-ACCB-596B71974B26}.Release|Any CPU.Build.0 = Release|Any CPU
		{6A581784-7F9C-41CE-B2BA-4000BAC79C90}.Debug|Any CPU.ActiveCfg = Debug|Any CPU
		{6A581784-7F9C-41CE-B2BA-4000BAC79C90}.Debug|Any CPU.Build.0 = Debug|Any CPU
		{6A581784-7F9C-41CE-B2BA-4000BAC79C90}.Release|Any CPU.ActiveCfg = Release|Any CPU
		{6A581784-7F9C-41CE-B2BA-4000BAC79C90}.Release|Any CPU.Build.0 = Release|Any CPU
		{4901B2F0-D6F4-466B-8951-23A0EE323E6D}.Debug|Any CPU.ActiveCfg = Debug|Any CPU
		{4901B2F0-D6F4-466B-8951-23A0EE323E6D}.Debug|Any CPU.Build.0 = Debug|Any CPU
		{4901B2F0-D6F4-466B-8951-23A0EE323E6D}.Release|Any CPU.ActiveCfg = Release|Any CPU
		{4901B2F0-D6F4-466B-8951-23A0EE323E6D}.Release|Any CPU.Build.0 = Release|Any CPU
		{7E6BF028-6C1D-40CF-A065-ECFB08F615B2}.Debug|Any CPU.ActiveCfg = Debug|Any CPU
		{7E6BF028-6C1D-40CF-A065-ECFB08F615B2}.Debug|Any CPU.Build.0 = Debug|Any CPU
		{7E6BF028-6C1D-40CF-A065-ECFB08F615B2}.Release|Any CPU.ActiveCfg = Release|Any CPU
		{7E6BF028-6C1D-40CF-A065-ECFB08F615B2}.Release|Any CPU.Build.0 = Release|Any CPU
		{BF86A1B5-C782-4C83-A081-1603A10D2728}.Debug|Any CPU.ActiveCfg = Debug|Any CPU
		{BF86A1B5-C782-4C83-A081-1603A10D2728}.Debug|Any CPU.Build.0 = Debug|Any CPU
		{BF86A1B5-C782-4C83-A081-1603A10D2728}.Release|Any CPU.ActiveCfg = Release|Any CPU
		{BF86A1B5-C782-4C83-A081-1603A10D2728}.Release|Any CPU.Build.0 = Release|Any CPU
		{4C110D39-C7E8-408A-A9EC-92F1B1C352DF}.Debug|Any CPU.ActiveCfg = Debug|Any CPU
		{4C110D39-C7E8-408A-A9EC-92F1B1C352DF}.Debug|Any CPU.Build.0 = Debug|Any CPU
		{4C110D39-C7E8-408A-A9EC-92F1B1C352DF}.Release|Any CPU.ActiveCfg = Release|Any CPU
		{4C110D39-C7E8-408A-A9EC-92F1B1C352DF}.Release|Any CPU.Build.0 = Release|Any CPU
		{B45ED933-16CF-467E-AEEA-78AE87725360}.Debug|Any CPU.ActiveCfg = Debug|Any CPU
		{B45ED933-16CF-467E-AEEA-78AE87725360}.Debug|Any CPU.Build.0 = Debug|Any CPU
		{B45ED933-16CF-467E-AEEA-78AE87725360}.Release|Any CPU.ActiveCfg = Release|Any CPU
		{B45ED933-16CF-467E-AEEA-78AE87725360}.Release|Any CPU.Build.0 = Release|Any CPU
		{407E8EF6-4A73-41E8-8C39-C31033CA3F11}.Debug|Any CPU.ActiveCfg = Debug|Any CPU
		{407E8EF6-4A73-41E8-8C39-C31033CA3F11}.Debug|Any CPU.Build.0 = Debug|Any CPU
		{407E8EF6-4A73-41E8-8C39-C31033CA3F11}.Release|Any CPU.ActiveCfg = Release|Any CPU
		{407E8EF6-4A73-41E8-8C39-C31033CA3F11}.Release|Any CPU.Build.0 = Release|Any CPU
		{2EEC0FDC-8426-4AA1-B389-87B1E5A8ED9B}.Debug|Any CPU.ActiveCfg = Debug|Any CPU
		{2EEC0FDC-8426-4AA1-B389-87B1E5A8ED9B}.Debug|Any CPU.Build.0 = Debug|Any CPU
		{2EEC0FDC-8426-4AA1-B389-87B1E5A8ED9B}.Release|Any CPU.ActiveCfg = Release|Any CPU
		{2EEC0FDC-8426-4AA1-B389-87B1E5A8ED9B}.Release|Any CPU.Build.0 = Release|Any CPU
		{3133FBF7-EA68-4DAD-8844-2C076EBA3F5A}.Debug|Any CPU.ActiveCfg = Debug|Any CPU
		{3133FBF7-EA68-4DAD-8844-2C076EBA3F5A}.Debug|Any CPU.Build.0 = Debug|Any CPU
		{3133FBF7-EA68-4DAD-8844-2C076EBA3F5A}.Release|Any CPU.ActiveCfg = Release|Any CPU
		{3133FBF7-EA68-4DAD-8844-2C076EBA3F5A}.Release|Any CPU.Build.0 = Release|Any CPU
	EndGlobalSection
	GlobalSection(SolutionProperties) = preSolution
		HideSolutionNode = FALSE
	EndGlobalSection
	GlobalSection(NestedProjects) = preSolution
		{699FEE3D-92F4-4E31-9955-4BA0057345A9} = {BD2A72B1-9A72-4C8D-AD2A-0FBA6792B19A}
		{6B90A338-BE67-4799-AF32-61F47741DAC4} = {BD2A72B1-9A72-4C8D-AD2A-0FBA6792B19A}
		{28A31DE1-7F65-4ADA-A7BA-D234E1DD3987} = {BD2A72B1-9A72-4C8D-AD2A-0FBA6792B19A}
		{DB082FD6-D739-4C4E-8007-5EE598208EBB} = {B6EBD31E-5B85-431F-8E32-376F41404224}
		{8EB5C9AD-EC1F-4194-9D54-59E2F6CE7A6C} = {B6EBD31E-5B85-431F-8E32-376F41404224}
		{7864F370-5BA7-40F8-8226-383836DBD743} = {B6EBD31E-5B85-431F-8E32-376F41404224}
		{6D47562D-2711-408D-8F2C-20BE4482E08B} = {821F0C7E-AF1A-4893-9439-D0A6FBAF7339}
		{FD40F1D6-2765-42BF-A76E-ED307A32631E} = {821F0C7E-AF1A-4893-9439-D0A6FBAF7339}
		{7618ACE3-4533-4B5C-8A27-36F62317423C} = {821F0C7E-AF1A-4893-9439-D0A6FBAF7339}
		{33B49A2D-98CC-40F4-83C4-2BE84691005E} = {F9FFFC1E-6FE9-4B00-9D8D-F9E11916A16C}
		{72E1F53D-8A45-409B-9162-CC068418DAC6} = {F9FFFC1E-6FE9-4B00-9D8D-F9E11916A16C}
		{7ABE1E1B-CAE4-4F0F-ACCB-596B71974B26} = {F9FFFC1E-6FE9-4B00-9D8D-F9E11916A16C}
		{6A581784-7F9C-41CE-B2BA-4000BAC79C90} = {CBC82FE3-87BE-4118-AFF1-CB6ECAC9A26E}
		{4901B2F0-D6F4-466B-8951-23A0EE323E6D} = {CBC82FE3-87BE-4118-AFF1-CB6ECAC9A26E}
		{7E6BF028-6C1D-40CF-A065-ECFB08F615B2} = {CBC82FE3-87BE-4118-AFF1-CB6ECAC9A26E}
		{BF86A1B5-C782-4C83-A081-1603A10D2728} = {D67AF2BB-DC00-48D1-8117-E572E49B8D35}
		{4C110D39-C7E8-408A-A9EC-92F1B1C352DF} = {D67AF2BB-DC00-48D1-8117-E572E49B8D35}
		{B45ED933-16CF-467E-AEEA-78AE87725360} = {D67AF2BB-DC00-48D1-8117-E572E49B8D35}
		{407E8EF6-4A73-41E8-8C39-C31033CA3F11} = {1B5C74ED-A41A-42DB-9DC5-B9A8BDA2CAA0}
		{2EEC0FDC-8426-4AA1-B389-87B1E5A8ED9B} = {1B5C74ED-A41A-42DB-9DC5-B9A8BDA2CAA0}
		{3133FBF7-EA68-4DAD-8844-2C076EBA3F5A} = {1B5C74ED-A41A-42DB-9DC5-B9A8BDA2CAA0}
	EndGlobalSection
	GlobalSection(ExtensibilityGlobals) = postSolution
		SolutionGuid = {13029E02-7189-43DF-BDFE-A604FBF644C0}
	EndGlobalSection
EndGlobal
